// !$*UTF8*$!
{
	archiveVersion = 1;
	classes = {
	};
	objectVersion = 52;
	objects = {

/* Begin PBXBuildFile section */
		40115D5D23565C8A007691DB /* CNContactStore+Containers.swift in Sources */ = {isa = PBXBuildFile; fileRef = 40115D5C23565C8A007691DB /* CNContactStore+Containers.swift */; };
		40115D5F23565CC4007691DB /* CNContainer+Predicate.swift in Sources */ = {isa = PBXBuildFile; fileRef = 40115D5E23565CC4007691DB /* CNContainer+Predicate.swift */; };
		40115D6123565D52007691DB /* CNContainer+Contacts.swift in Sources */ = {isa = PBXBuildFile; fileRef = 40115D6023565D52007691DB /* CNContainer+Contacts.swift */; };
		40216FFF235E396B00857833 /* NeedleFoundation in Frameworks */ = {isa = PBXBuildFile; productRef = 40216FFE235E396B00857833 /* NeedleFoundation */; };
		40217004235E422900857833 /* NeedleGenerated.swift in Sources */ = {isa = PBXBuildFile; fileRef = 40217003235E422900857833 /* NeedleGenerated.swift */; };
		402F496C2335423F00DDB56D /* AppDelegate.swift in Sources */ = {isa = PBXBuildFile; fileRef = 402F496B2335423F00DDB56D /* AppDelegate.swift */; };
		402F496E2335423F00DDB56D /* JokeViewController.swift in Sources */ = {isa = PBXBuildFile; fileRef = 402F496D2335423F00DDB56D /* JokeViewController.swift */; };
		402F49712335423F00DDB56D /* Main.storyboard in Resources */ = {isa = PBXBuildFile; fileRef = 402F496F2335423F00DDB56D /* Main.storyboard */; };
		402F49732335424100DDB56D /* Assets.xcassets in Resources */ = {isa = PBXBuildFile; fileRef = 402F49722335424100DDB56D /* Assets.xcassets */; };
		402F49762335424100DDB56D /* LaunchScreen.storyboard in Resources */ = {isa = PBXBuildFile; fileRef = 402F49742335424100DDB56D /* LaunchScreen.storyboard */; };
		402F498623354DEA00DDB56D /* JokeViewProtocol.swift in Sources */ = {isa = PBXBuildFile; fileRef = 402F498523354DEA00DDB56D /* JokeViewProtocol.swift */; };
		402F498823354E5600DDB56D /* JokePresenterProtocol.swift in Sources */ = {isa = PBXBuildFile; fileRef = 402F498723354E5600DDB56D /* JokePresenterProtocol.swift */; };
		402F498A23354E8000DDB56D /* JokePresenter.swift in Sources */ = {isa = PBXBuildFile; fileRef = 402F498923354E8000DDB56D /* JokePresenter.swift */; };
		402F498C23354ECC00DDB56D /* JokeInteractorProtocol.swift in Sources */ = {isa = PBXBuildFile; fileRef = 402F498B23354ECC00DDB56D /* JokeInteractorProtocol.swift */; };
		402F498E23354EFD00DDB56D /* JokeInteractor.swift in Sources */ = {isa = PBXBuildFile; fileRef = 402F498D23354EFD00DDB56D /* JokeInteractor.swift */; };
		402F499123354F5600DDB56D /* Joke.swift in Sources */ = {isa = PBXBuildFile; fileRef = 402F499023354F5600DDB56D /* Joke.swift */; };
		402F499323354F9000DDB56D /* RandomJokeResponse.swift in Sources */ = {isa = PBXBuildFile; fileRef = 402F499223354F9000DDB56D /* RandomJokeResponse.swift */; };
		402F4995233551BF00DDB56D /* JokesRepositoryProtocol.swift in Sources */ = {isa = PBXBuildFile; fileRef = 402F4994233551BF00DDB56D /* JokesRepositoryProtocol.swift */; };
		402F49972335526200DDB56D /* JokesRepository.swift in Sources */ = {isa = PBXBuildFile; fileRef = 402F49962335526200DDB56D /* JokesRepository.swift */; };
		40472BB82356450E00129CDA /* Request.swift in Sources */ = {isa = PBXBuildFile; fileRef = 40472BB72356450E00129CDA /* Request.swift */; };
		40B0588E23355F7E0069720B /* Endpoint.swift in Sources */ = {isa = PBXBuildFile; fileRef = 40B0588D23355F7E0069720B /* Endpoint.swift */; };
		40B0589023355FAC0069720B /* RandomJokeEndpoint.swift in Sources */ = {isa = PBXBuildFile; fileRef = 40B0588F23355FAC0069720B /* RandomJokeEndpoint.swift */; };
		40E80815233967A50029196B /* ContactsRepositoryProtocol.swift in Sources */ = {isa = PBXBuildFile; fileRef = 40E80814233967A50029196B /* ContactsRepositoryProtocol.swift */; };
		40E80817233968110029196B /* Contact.swift in Sources */ = {isa = PBXBuildFile; fileRef = 40E80816233968110029196B /* Contact.swift */; };
		40E808192339683D0029196B /* ContactsRepository.swift in Sources */ = {isa = PBXBuildFile; fileRef = 40E808182339683D0029196B /* ContactsRepository.swift */; };
		40F112E523523DBE00948838 /* Person.swift in Sources */ = {isa = PBXBuildFile; fileRef = 40F112E423523DBE00948838 /* Person.swift */; };
		40F48AA4235DD058004BE364 /* RandomContactRequest.swift in Sources */ = {isa = PBXBuildFile; fileRef = 40F48AA3235DD058004BE364 /* RandomContactRequest.swift */; };
		40F48AA7235DD09E004BE364 /* PersonJokeRequest.swift in Sources */ = {isa = PBXBuildFile; fileRef = 40F48AA6235DD09E004BE364 /* PersonJokeRequest.swift */; };
		40F48AA9235DD0D9004BE364 /* ChuckJokeRequest.swift in Sources */ = {isa = PBXBuildFile; fileRef = 40F48AA8235DD0D9004BE364 /* ChuckJokeRequest.swift */; };
/* End PBXBuildFile section */

/* Begin PBXFileReference section */
		40115D5C23565C8A007691DB /* CNContactStore+Containers.swift */ = {isa = PBXFileReference; lastKnownFileType = sourcecode.swift; path = "CNContactStore+Containers.swift"; sourceTree = "<group>"; };
		40115D5E23565CC4007691DB /* CNContainer+Predicate.swift */ = {isa = PBXFileReference; lastKnownFileType = sourcecode.swift; path = "CNContainer+Predicate.swift"; sourceTree = "<group>"; };
		40115D6023565D52007691DB /* CNContainer+Contacts.swift */ = {isa = PBXFileReference; lastKnownFileType = sourcecode.swift; path = "CNContainer+Contacts.swift"; sourceTree = "<group>"; };
		40217003235E422900857833 /* NeedleGenerated.swift */ = {isa = PBXFileReference; fileEncoding = 4; lastKnownFileType = sourcecode.swift; path = NeedleGenerated.swift; sourceTree = "<group>"; };
		402F49682335423F00DDB56D /* RandomJokes.app */ = {isa = PBXFileReference; explicitFileType = wrapper.application; includeInIndex = 0; path = RandomJokes.app; sourceTree = BUILT_PRODUCTS_DIR; };
		402F496B2335423F00DDB56D /* AppDelegate.swift */ = {isa = PBXFileReference; lastKnownFileType = sourcecode.swift; path = AppDelegate.swift; sourceTree = "<group>"; };
		402F496D2335423F00DDB56D /* JokeViewController.swift */ = {isa = PBXFileReference; lastKnownFileType = sourcecode.swift; path = JokeViewController.swift; sourceTree = "<group>"; };
		402F49702335423F00DDB56D /* Base */ = {isa = PBXFileReference; lastKnownFileType = file.storyboard; name = Base; path = Base.lproj/Main.storyboard; sourceTree = "<group>"; };
		402F49722335424100DDB56D /* Assets.xcassets */ = {isa = PBXFileReference; lastKnownFileType = folder.assetcatalog; path = Assets.xcassets; sourceTree = "<group>"; };
		402F49752335424100DDB56D /* Base */ = {isa = PBXFileReference; lastKnownFileType = file.storyboard; name = Base; path = Base.lproj/LaunchScreen.storyboard; sourceTree = "<group>"; };
		402F49772335424100DDB56D /* Info.plist */ = {isa = PBXFileReference; lastKnownFileType = text.plist.xml; path = Info.plist; sourceTree = "<group>"; };
		402F498523354DEA00DDB56D /* JokeViewProtocol.swift */ = {isa = PBXFileReference; lastKnownFileType = sourcecode.swift; path = JokeViewProtocol.swift; sourceTree = "<group>"; };
		402F498723354E5600DDB56D /* JokePresenterProtocol.swift */ = {isa = PBXFileReference; lastKnownFileType = sourcecode.swift; path = JokePresenterProtocol.swift; sourceTree = "<group>"; };
		402F498923354E8000DDB56D /* JokePresenter.swift */ = {isa = PBXFileReference; lastKnownFileType = sourcecode.swift; path = JokePresenter.swift; sourceTree = "<group>"; };
		402F498B23354ECC00DDB56D /* JokeInteractorProtocol.swift */ = {isa = PBXFileReference; lastKnownFileType = sourcecode.swift; path = JokeInteractorProtocol.swift; sourceTree = "<group>"; };
		402F498D23354EFD00DDB56D /* JokeInteractor.swift */ = {isa = PBXFileReference; lastKnownFileType = sourcecode.swift; path = JokeInteractor.swift; sourceTree = "<group>"; };
		402F499023354F5600DDB56D /* Joke.swift */ = {isa = PBXFileReference; lastKnownFileType = sourcecode.swift; path = Joke.swift; sourceTree = "<group>"; };
		402F499223354F9000DDB56D /* RandomJokeResponse.swift */ = {isa = PBXFileReference; lastKnownFileType = sourcecode.swift; path = RandomJokeResponse.swift; sourceTree = "<group>"; };
		402F4994233551BF00DDB56D /* JokesRepositoryProtocol.swift */ = {isa = PBXFileReference; lastKnownFileType = sourcecode.swift; path = JokesRepositoryProtocol.swift; sourceTree = "<group>"; };
		402F49962335526200DDB56D /* JokesRepository.swift */ = {isa = PBXFileReference; lastKnownFileType = sourcecode.swift; path = JokesRepository.swift; sourceTree = "<group>"; };
		40472BB72356450E00129CDA /* Request.swift */ = {isa = PBXFileReference; lastKnownFileType = sourcecode.swift; path = Request.swift; sourceTree = "<group>"; };
		40B0588D23355F7E0069720B /* Endpoint.swift */ = {isa = PBXFileReference; lastKnownFileType = sourcecode.swift; path = Endpoint.swift; sourceTree = "<group>"; };
		40B0588F23355FAC0069720B /* RandomJokeEndpoint.swift */ = {isa = PBXFileReference; lastKnownFileType = sourcecode.swift; path = RandomJokeEndpoint.swift; sourceTree = "<group>"; };
		40E80814233967A50029196B /* ContactsRepositoryProtocol.swift */ = {isa = PBXFileReference; fileEncoding = 4; lastKnownFileType = sourcecode.swift; path = ContactsRepositoryProtocol.swift; sourceTree = "<group>"; };
		40E80816233968110029196B /* Contact.swift */ = {isa = PBXFileReference; lastKnownFileType = sourcecode.swift; path = Contact.swift; sourceTree = "<group>"; };
		40E808182339683D0029196B /* ContactsRepository.swift */ = {isa = PBXFileReference; fileEncoding = 4; lastKnownFileType = sourcecode.swift; path = ContactsRepository.swift; sourceTree = "<group>"; };
		40F112E423523DBE00948838 /* Person.swift */ = {isa = PBXFileReference; lastKnownFileType = sourcecode.swift; path = Person.swift; sourceTree = "<group>"; };
		40F48AA3235DD058004BE364 /* RandomContactRequest.swift */ = {isa = PBXFileReference; lastKnownFileType = sourcecode.swift; path = RandomContactRequest.swift; sourceTree = "<group>"; };
		40F48AA6235DD09E004BE364 /* PersonJokeRequest.swift */ = {isa = PBXFileReference; lastKnownFileType = sourcecode.swift; path = PersonJokeRequest.swift; sourceTree = "<group>"; };
		40F48AA8235DD0D9004BE364 /* ChuckJokeRequest.swift */ = {isa = PBXFileReference; lastKnownFileType = sourcecode.swift; path = ChuckJokeRequest.swift; sourceTree = "<group>"; };
/* End PBXFileReference section */

/* Begin PBXFrameworksBuildPhase section */
		402F49652335423F00DDB56D /* Frameworks */ = {
			isa = PBXFrameworksBuildPhase;
			buildActionMask = 2147483647;
			files = (
				40216FFF235E396B00857833 /* NeedleFoundation in Frameworks */,
			);
			runOnlyForDeploymentPostprocessing = 0;
		};
/* End PBXFrameworksBuildPhase section */

/* Begin PBXGroup section */
		40217002235E420500857833 /* Dependencies */ = {
			isa = PBXGroup;
			children = (
				40217003235E422900857833 /* NeedleGenerated.swift */,
			);
			path = Dependencies;
			sourceTree = "<group>";
		};
		402F495F2335423F00DDB56D = {
			isa = PBXGroup;
			children = (
				402F496A2335423F00DDB56D /* RandomJokes */,
				402F49692335423F00DDB56D /* Products */,
			);
			sourceTree = "<group>";
		};
		402F49692335423F00DDB56D /* Products */ = {
			isa = PBXGroup;
			children = (
				402F49682335423F00DDB56D /* RandomJokes.app */,
			);
			name = Products;
			sourceTree = "<group>";
		};
		402F496A2335423F00DDB56D /* RandomJokes */ = {
			isa = PBXGroup;
			children = (
				402F497E2335425B00DDB56D /* Resources */,
				402F497D2335425300DDB56D /* Sources */,
			);
			path = RandomJokes;
			sourceTree = "<group>";
		};
		402F497D2335425300DDB56D /* Sources */ = {
			isa = PBXGroup;
			children = (
				402F496B2335423F00DDB56D /* AppDelegate.swift */,
				40217002235E420500857833 /* Dependencies */,
				40B0588C23355F6E0069720B /* Endpoints */,
				402F498F23354F4600DDB56D /* Models */,
				402F498423354DCE00DDB56D /* Repositories */,
				40472BB62356449800129CDA /* Requests */,
				402F49802335429200DDB56D /* Scenes */,
			);
			path = Sources;
			sourceTree = "<group>";
		};
		402F497E2335425B00DDB56D /* Resources */ = {
			isa = PBXGroup;
			children = (
				402F49772335424100DDB56D /* Info.plist */,
				402F49722335424100DDB56D /* Assets.xcassets */,
				402F497F2335427100DDB56D /* Storyboards */,
			);
			path = Resources;
			sourceTree = "<group>";
		};
		402F497F2335427100DDB56D /* Storyboards */ = {
			isa = PBXGroup;
			children = (
				402F49742335424100DDB56D /* LaunchScreen.storyboard */,
				402F496F2335423F00DDB56D /* Main.storyboard */,
			);
			path = Storyboards;
			sourceTree = "<group>";
		};
		402F49802335429200DDB56D /* Scenes */ = {
			isa = PBXGroup;
			children = (
				40CEC4302351E1AE00C098D9 /* Joke */,
			);
			path = Scenes;
			sourceTree = "<group>";
		};
		402F498123354D9800DDB56D /* Interactor */ = {
			isa = PBXGroup;
			children = (
				402F498D23354EFD00DDB56D /* JokeInteractor.swift */,
				402F498B23354ECC00DDB56D /* JokeInteractorProtocol.swift */,
			);
			path = Interactor;
			sourceTree = "<group>";
		};
		402F498223354DA100DDB56D /* View */ = {
			isa = PBXGroup;
			children = (
				402F496D2335423F00DDB56D /* JokeViewController.swift */,
				402F498523354DEA00DDB56D /* JokeViewProtocol.swift */,
			);
			path = View;
			sourceTree = "<group>";
		};
		402F498323354DA600DDB56D /* Presenter */ = {
			isa = PBXGroup;
			children = (
				402F498923354E8000DDB56D /* JokePresenter.swift */,
				402F498723354E5600DDB56D /* JokePresenterProtocol.swift */,
			);
			path = Presenter;
			sourceTree = "<group>";
		};
		402F498423354DCE00DDB56D /* Repositories */ = {
			isa = PBXGroup;
			children = (
				40E8081A233968450029196B /* Contacts */,
				40E8081B2339684F0029196B /* Jokes */,
			);
			path = Repositories;
			sourceTree = "<group>";
		};
		402F498F23354F4600DDB56D /* Models */ = {
			isa = PBXGroup;
			children = (
				40E80816233968110029196B /* Contact.swift */,
				402F499023354F5600DDB56D /* Joke.swift */,
				40F112E423523DBE00948838 /* Person.swift */,
			);
			path = Models;
			sourceTree = "<group>";
		};
		40472BB62356449800129CDA /* Requests */ = {
			isa = PBXGroup;
			children = (
				40472BB72356450E00129CDA /* Request.swift */,
				40F48AA2235DD041004BE364 /* Contact */,
				40F48AA5235DD088004BE364 /* Joke */,
			);
			path = Requests;
			sourceTree = "<group>";
		};
		40B0588C23355F6E0069720B /* Endpoints */ = {
			isa = PBXGroup;
			children = (
				40B0588D23355F7E0069720B /* Endpoint.swift */,
				40B0588F23355FAC0069720B /* RandomJokeEndpoint.swift */,
			);
			path = Endpoints;
			sourceTree = "<group>";
		};
		40CEC4302351E1AE00C098D9 /* Joke */ = {
			isa = PBXGroup;
			children = (
				402F498123354D9800DDB56D /* Interactor */,
				402F498323354DA600DDB56D /* Presenter */,
				402F498223354DA100DDB56D /* View */,
			);
			path = Joke;
			sourceTree = "<group>";
		};
		40E8081A233968450029196B /* Contacts */ = {
			isa = PBXGroup;
			children = (
				40115D5C23565C8A007691DB /* CNContactStore+Containers.swift */,
				40115D6023565D52007691DB /* CNContainer+Contacts.swift */,
				40115D5E23565CC4007691DB /* CNContainer+Predicate.swift */,
				40E808182339683D0029196B /* ContactsRepository.swift */,
				40E80814233967A50029196B /* ContactsRepositoryProtocol.swift */,
			);
			path = Contacts;
			sourceTree = "<group>";
		};
		40E8081B2339684F0029196B /* Jokes */ = {
			isa = PBXGroup;
			children = (
				402F49962335526200DDB56D /* JokesRepository.swift */,
				402F4994233551BF00DDB56D /* JokesRepositoryProtocol.swift */,
				402F499223354F9000DDB56D /* RandomJokeResponse.swift */,
			);
			path = Jokes;
			sourceTree = "<group>";
		};
		40F48AA2235DD041004BE364 /* Contact */ = {
			isa = PBXGroup;
			children = (
				40F48AA3235DD058004BE364 /* RandomContactRequest.swift */,
			);
			path = Contact;
			sourceTree = "<group>";
		};
		40F48AA5235DD088004BE364 /* Joke */ = {
			isa = PBXGroup;
			children = (
				40F48AA8235DD0D9004BE364 /* ChuckJokeRequest.swift */,
				40F48AA6235DD09E004BE364 /* PersonJokeRequest.swift */,
			);
			path = Joke;
			sourceTree = "<group>";
		};
/* End PBXGroup section */

/* Begin PBXNativeTarget section */
		402F49672335423F00DDB56D /* RandomJokes */ = {
			isa = PBXNativeTarget;
			buildConfigurationList = 402F497A2335424100DDB56D /* Build configuration list for PBXNativeTarget "RandomJokes" */;
			buildPhases = (
				40217000235E3CB200857833 /* Needle Generator */,
				402F49642335423F00DDB56D /* Sources */,
				402F49652335423F00DDB56D /* Frameworks */,
				402F49662335423F00DDB56D /* Resources */,
			);
			buildRules = (
			);
			dependencies = (
			);
			name = RandomJokes;
			packageProductDependencies = (
				40216FFE235E396B00857833 /* NeedleFoundation */,
			);
			productName = RandomJokes;
			productReference = 402F49682335423F00DDB56D /* RandomJokes.app */;
			productType = "com.apple.product-type.application";
		};
/* End PBXNativeTarget section */

/* Begin PBXProject section */
		402F49602335423F00DDB56D /* Project object */ = {
			isa = PBXProject;
			attributes = {
				LastSwiftUpdateCheck = 1030;
				LastUpgradeCheck = 1030;
				ORGANIZATIONNAME = "Francesco Chiusolo";
				TargetAttributes = {
					402F49672335423F00DDB56D = {
						CreatedOnToolsVersion = 10.3;
					};
				};
			};
			buildConfigurationList = 402F49632335423F00DDB56D /* Build configuration list for PBXProject "RandomJokes" */;
			compatibilityVersion = "Xcode 9.3";
			developmentRegion = en;
			hasScannedForEncodings = 0;
			knownRegions = (
				en,
				Base,
			);
			mainGroup = 402F495F2335423F00DDB56D;
			packageReferences = (
				40216FFD235E396B00857833 /* XCRemoteSwiftPackageReference "needle" */,
			);
			productRefGroup = 402F49692335423F00DDB56D /* Products */;
			projectDirPath = "";
			projectRoot = "";
			targets = (
				402F49672335423F00DDB56D /* RandomJokes */,
			);
		};
/* End PBXProject section */

/* Begin PBXResourcesBuildPhase section */
		402F49662335423F00DDB56D /* Resources */ = {
			isa = PBXResourcesBuildPhase;
			buildActionMask = 2147483647;
			files = (
				402F49762335424100DDB56D /* LaunchScreen.storyboard in Resources */,
				402F49732335424100DDB56D /* Assets.xcassets in Resources */,
				402F49712335423F00DDB56D /* Main.storyboard in Resources */,
			);
			runOnlyForDeploymentPostprocessing = 0;
		};
/* End PBXResourcesBuildPhase section */

/* Begin PBXShellScriptBuildPhase section */
		40217000235E3CB200857833 /* Needle Generator */ = {
			isa = PBXShellScriptBuildPhase;
			buildActionMask = 2147483647;
			files = (
			);
			inputFileListPaths = (
			);
			inputPaths = (
			);
			name = "Needle Generator";
			outputFileListPaths = (
			);
			outputPaths = (
			);
			runOnlyForDeploymentPostprocessing = 0;
			shellPath = /bin/sh;
			shellScript = "export SOURCEKIT_LOGGING=0 && needle generate $SRCROOT/$TARGETNAME/Sources/Dependencies/NeedleGenerated.swift $SRCROOT/$TARGETNAME/Sources/Dependencies\n";
		};
/* End PBXShellScriptBuildPhase section */

/* Begin PBXSourcesBuildPhase section */
		402F49642335423F00DDB56D /* Sources */ = {
			isa = PBXSourcesBuildPhase;
			buildActionMask = 2147483647;
			files = (
				402F498A23354E8000DDB56D /* JokePresenter.swift in Sources */,
				40F48AA9235DD0D9004BE364 /* ChuckJokeRequest.swift in Sources */,
				402F498623354DEA00DDB56D /* JokeViewProtocol.swift in Sources */,
				40115D5F23565CC4007691DB /* CNContainer+Predicate.swift in Sources */,
				40217004235E422900857833 /* NeedleGenerated.swift in Sources */,
				40E808192339683D0029196B /* ContactsRepository.swift in Sources */,
				402F498823354E5600DDB56D /* JokePresenterProtocol.swift in Sources */,
				40B0589023355FAC0069720B /* RandomJokeEndpoint.swift in Sources */,
				402F499323354F9000DDB56D /* RandomJokeResponse.swift in Sources */,
				40F48AA4235DD058004BE364 /* RandomContactRequest.swift in Sources */,
				402F4995233551BF00DDB56D /* JokesRepositoryProtocol.swift in Sources */,
				40472BB82356450E00129CDA /* Request.swift in Sources */,
				402F496E2335423F00DDB56D /* JokeViewController.swift in Sources */,
				402F499123354F5600DDB56D /* Joke.swift in Sources */,
				402F498E23354EFD00DDB56D /* JokeInteractor.swift in Sources */,
				402F49972335526200DDB56D /* JokesRepository.swift in Sources */,
				40115D5D23565C8A007691DB /* CNContactStore+Containers.swift in Sources */,
				40E80815233967A50029196B /* ContactsRepositoryProtocol.swift in Sources */,
				402F496C2335423F00DDB56D /* AppDelegate.swift in Sources */,
				40E80817233968110029196B /* Contact.swift in Sources */,
				40F48AA7235DD09E004BE364 /* PersonJokeRequest.swift in Sources */,
				40115D6123565D52007691DB /* CNContainer+Contacts.swift in Sources */,
				40F112E523523DBE00948838 /* Person.swift in Sources */,
				40B0588E23355F7E0069720B /* Endpoint.swift in Sources */,
				402F498C23354ECC00DDB56D /* JokeInteractorProtocol.swift in Sources */,
			);
			runOnlyForDeploymentPostprocessing = 0;
		};
/* End PBXSourcesBuildPhase section */

/* Begin PBXVariantGroup section */
		402F496F2335423F00DDB56D /* Main.storyboard */ = {
			isa = PBXVariantGroup;
			children = (
				402F49702335423F00DDB56D /* Base */,
			);
			name = Main.storyboard;
			sourceTree = "<group>";
		};
		402F49742335424100DDB56D /* LaunchScreen.storyboard */ = {
			isa = PBXVariantGroup;
			children = (
				402F49752335424100DDB56D /* Base */,
			);
			name = LaunchScreen.storyboard;
			sourceTree = "<group>";
		};
/* End PBXVariantGroup section */

/* Begin XCBuildConfiguration section */
		402F49782335424100DDB56D /* Debug */ = {
			isa = XCBuildConfiguration;
			buildSettings = {
				ALWAYS_SEARCH_USER_PATHS = NO;
				CLANG_ANALYZER_NONNULL = YES;
				CLANG_ANALYZER_NUMBER_OBJECT_CONVERSION = YES_AGGRESSIVE;
				CLANG_CXX_LANGUAGE_STANDARD = "gnu++14";
				CLANG_CXX_LIBRARY = "libc++";
				CLANG_ENABLE_MODULES = YES;
				CLANG_ENABLE_OBJC_ARC = YES;
				CLANG_ENABLE_OBJC_WEAK = YES;
				CLANG_WARN_BLOCK_CAPTURE_AUTORELEASING = YES;
				CLANG_WARN_BOOL_CONVERSION = YES;
				CLANG_WARN_COMMA = YES;
				CLANG_WARN_CONSTANT_CONVERSION = YES;
				CLANG_WARN_DEPRECATED_OBJC_IMPLEMENTATIONS = YES;
				CLANG_WARN_DIRECT_OBJC_ISA_USAGE = YES_ERROR;
				CLANG_WARN_DOCUMENTATION_COMMENTS = YES;
				CLANG_WARN_EMPTY_BODY = YES;
				CLANG_WARN_ENUM_CONVERSION = YES;
				CLANG_WARN_INFINITE_RECURSION = YES;
				CLANG_WARN_INT_CONVERSION = YES;
				CLANG_WARN_NON_LITERAL_NULL_CONVERSION = YES;
				CLANG_WARN_OBJC_IMPLICIT_RETAIN_SELF = YES;
				CLANG_WARN_OBJC_LITERAL_CONVERSION = YES;
				CLANG_WARN_OBJC_ROOT_CLASS = YES_ERROR;
				CLANG_WARN_RANGE_LOOP_ANALYSIS = YES;
				CLANG_WARN_STRICT_PROTOTYPES = YES;
				CLANG_WARN_SUSPICIOUS_MOVE = YES;
				CLANG_WARN_UNGUARDED_AVAILABILITY = YES_AGGRESSIVE;
				CLANG_WARN_UNREACHABLE_CODE = YES;
				CLANG_WARN__DUPLICATE_METHOD_MATCH = YES;
				CODE_SIGN_IDENTITY = "iPhone Developer";
				COPY_PHASE_STRIP = NO;
				DEBUG_INFORMATION_FORMAT = dwarf;
				ENABLE_STRICT_OBJC_MSGSEND = YES;
				ENABLE_TESTABILITY = YES;
				GCC_C_LANGUAGE_STANDARD = gnu11;
				GCC_DYNAMIC_NO_PIC = NO;
				GCC_NO_COMMON_BLOCKS = YES;
				GCC_OPTIMIZATION_LEVEL = 0;
				GCC_PREPROCESSOR_DEFINITIONS = (
					"DEBUG=1",
					"$(inherited)",
				);
				GCC_WARN_64_TO_32_BIT_CONVERSION = YES;
				GCC_WARN_ABOUT_RETURN_TYPE = YES_ERROR;
				GCC_WARN_UNDECLARED_SELECTOR = YES;
				GCC_WARN_UNINITIALIZED_AUTOS = YES_AGGRESSIVE;
				GCC_WARN_UNUSED_FUNCTION = YES;
				GCC_WARN_UNUSED_VARIABLE = YES;
				IPHONEOS_DEPLOYMENT_TARGET = 12.4;
				MTL_ENABLE_DEBUG_INFO = INCLUDE_SOURCE;
				MTL_FAST_MATH = YES;
				ONLY_ACTIVE_ARCH = YES;
				SDKROOT = iphoneos;
				SWIFT_ACTIVE_COMPILATION_CONDITIONS = DEBUG;
				SWIFT_OPTIMIZATION_LEVEL = "-Onone";
			};
			name = Debug;
		};
		402F49792335424100DDB56D /* Release */ = {
			isa = XCBuildConfiguration;
			buildSettings = {
				ALWAYS_SEARCH_USER_PATHS = NO;
				CLANG_ANALYZER_NONNULL = YES;
				CLANG_ANALYZER_NUMBER_OBJECT_CONVERSION = YES_AGGRESSIVE;
				CLANG_CXX_LANGUAGE_STANDARD = "gnu++14";
				CLANG_CXX_LIBRARY = "libc++";
				CLANG_ENABLE_MODULES = YES;
				CLANG_ENABLE_OBJC_ARC = YES;
				CLANG_ENABLE_OBJC_WEAK = YES;
				CLANG_WARN_BLOCK_CAPTURE_AUTORELEASING = YES;
				CLANG_WARN_BOOL_CONVERSION = YES;
				CLANG_WARN_COMMA = YES;
				CLANG_WARN_CONSTANT_CONVERSION = YES;
				CLANG_WARN_DEPRECATED_OBJC_IMPLEMENTATIONS = YES;
				CLANG_WARN_DIRECT_OBJC_ISA_USAGE = YES_ERROR;
				CLANG_WARN_DOCUMENTATION_COMMENTS = YES;
				CLANG_WARN_EMPTY_BODY = YES;
				CLANG_WARN_ENUM_CONVERSION = YES;
				CLANG_WARN_INFINITE_RECURSION = YES;
				CLANG_WARN_INT_CONVERSION = YES;
				CLANG_WARN_NON_LITERAL_NULL_CONVERSION = YES;
				CLANG_WARN_OBJC_IMPLICIT_RETAIN_SELF = YES;
				CLANG_WARN_OBJC_LITERAL_CONVERSION = YES;
				CLANG_WARN_OBJC_ROOT_CLASS = YES_ERROR;
				CLANG_WARN_RANGE_LOOP_ANALYSIS = YES;
				CLANG_WARN_STRICT_PROTOTYPES = YES;
				CLANG_WARN_SUSPICIOUS_MOVE = YES;
				CLANG_WARN_UNGUARDED_AVAILABILITY = YES_AGGRESSIVE;
				CLANG_WARN_UNREACHABLE_CODE = YES;
				CLANG_WARN__DUPLICATE_METHOD_MATCH = YES;
				CODE_SIGN_IDENTITY = "iPhone Developer";
				COPY_PHASE_STRIP = NO;
				DEBUG_INFORMATION_FORMAT = "dwarf-with-dsym";
				ENABLE_NS_ASSERTIONS = NO;
				ENABLE_STRICT_OBJC_MSGSEND = YES;
				GCC_C_LANGUAGE_STANDARD = gnu11;
				GCC_NO_COMMON_BLOCKS = YES;
				GCC_WARN_64_TO_32_BIT_CONVERSION = YES;
				GCC_WARN_ABOUT_RETURN_TYPE = YES_ERROR;
				GCC_WARN_UNDECLARED_SELECTOR = YES;
				GCC_WARN_UNINITIALIZED_AUTOS = YES_AGGRESSIVE;
				GCC_WARN_UNUSED_FUNCTION = YES;
				GCC_WARN_UNUSED_VARIABLE = YES;
				IPHONEOS_DEPLOYMENT_TARGET = 12.4;
				MTL_ENABLE_DEBUG_INFO = NO;
				MTL_FAST_MATH = YES;
				SDKROOT = iphoneos;
				SWIFT_COMPILATION_MODE = wholemodule;
				SWIFT_OPTIMIZATION_LEVEL = "-O";
				VALIDATE_PRODUCT = YES;
			};
			name = Release;
		};
		402F497B2335424100DDB56D /* Debug */ = {
			isa = XCBuildConfiguration;
			buildSettings = {
				ASSETCATALOG_COMPILER_APPICON_NAME = AppIcon;
				CODE_SIGN_STYLE = Automatic;
				DEVELOPMENT_TEAM = 4MPX898GZF;
				INFOPLIST_FILE = "$(SRCROOT)/RandomJokes/Resources/Info.plist";
				LD_RUNPATH_SEARCH_PATHS = (
					"$(inherited)",
					"@executable_path/Frameworks",
				);
				PRODUCT_BUNDLE_IDENTIFIER = com.francescochiusolo.RandomJokes;
				PRODUCT_NAME = "$(TARGET_NAME)";
				SWIFT_VERSION = 5.0;
				TARGETED_DEVICE_FAMILY = "1,2";
			};
			name = Debug;
		};
		402F497C2335424100DDB56D /* Release */ = {
			isa = XCBuildConfiguration;
			buildSettings = {
				ASSETCATALOG_COMPILER_APPICON_NAME = AppIcon;
				CODE_SIGN_STYLE = Automatic;
				DEVELOPMENT_TEAM = 4MPX898GZF;
				INFOPLIST_FILE = "$(SRCROOT)/RandomJokes/Resources/Info.plist";
				LD_RUNPATH_SEARCH_PATHS = (
					"$(inherited)",
					"@executable_path/Frameworks",
				);
				PRODUCT_BUNDLE_IDENTIFIER = com.francescochiusolo.RandomJokes;
				PRODUCT_NAME = "$(TARGET_NAME)";
				SWIFT_VERSION = 5.0;
				TARGETED_DEVICE_FAMILY = "1,2";
			};
			name = Release;
		};
/* End XCBuildConfiguration section */

/* Begin XCConfigurationList section */
		402F49632335423F00DDB56D /* Build configuration list for PBXProject "RandomJokes" */ = {
			isa = XCConfigurationList;
			buildConfigurations = (
				402F49782335424100DDB56D /* Debug */,
				402F49792335424100DDB56D /* Release */,
			);
			defaultConfigurationIsVisible = 0;
			defaultConfigurationName = Release;
		};
		402F497A2335424100DDB56D /* Build configuration list for PBXNativeTarget "RandomJokes" */ = {
			isa = XCConfigurationList;
			buildConfigurations = (
				402F497B2335424100DDB56D /* Debug */,
				402F497C2335424100DDB56D /* Release */,
			);
			defaultConfigurationIsVisible = 0;
			defaultConfigurationName = Release;
		};
/* End XCConfigurationList section */

/* Begin XCRemoteSwiftPackageReference section */
		40216FFD235E396B00857833 /* XCRemoteSwiftPackageReference "needle" */ = {
			isa = XCRemoteSwiftPackageReference;
			repositoryURL = "https://github.com/uber/needle.git";
			requirement = {
				kind = upToNextMajorVersion;
				minimumVersion = 0.11.0;
			};
		};
/* End XCRemoteSwiftPackageReference section */

/* Begin XCSwiftPackageProductDependency section */
		40216FFE235E396B00857833 /* NeedleFoundation */ = {
			isa = XCSwiftPackageProductDependency;
			package = 40216FFD235E396B00857833 /* XCRemoteSwiftPackageReference "needle" */;
			productName = NeedleFoundation;
		};
/* End XCSwiftPackageProductDependency section */
	};
	rootObject = 402F49602335423F00DDB56D /* Project object */;
}
